// !$*UTF8*$!
{
	archiveVersion = 1;
	classes = {
	};
	objectVersion = 77;
	objects = {

/* Begin PBXContainerItemProxy section */
		1099DDDE2D481E2B0070D8A8 /* PBXContainerItemProxy */ = {
			isa = PBXContainerItemProxy;
			containerPortal = 1099DDC32D481E2A0070D8A8 /* Project object */;
			proxyType = 1;
			remoteGlobalIDString = 1099DDCA2D481E2A0070D8A8;
			remoteInfo = Microapp;
		};
		1099DDE82D481E2B0070D8A8 /* PBXContainerItemProxy */ = {
			isa = PBXContainerItemProxy;
			containerPortal = 1099DDC32D481E2A0070D8A8 /* Project object */;
			proxyType = 1;
			remoteGlobalIDString = 1099DDCA2D481E2A0070D8A8;
			remoteInfo = Microapp;
		};
/* End PBXContainerItemProxy section */

/* Begin PBXFileReference section */
		1099DDCB2D481E2A0070D8A8 /* Microapp.app */ = {isa = PBXFileReference; explicitFileType = wrapper.application; includeInIndex = 0; path = Microapp.app; sourceTree = BUILT_PRODUCTS_DIR; };
		1099DDDD2D481E2B0070D8A8 /* MicroappTests.xctest */ = {isa = PBXFileReference; explicitFileType = wrapper.cfbundle; includeInIndex = 0; path = MicroappTests.xctest; sourceTree = BUILT_PRODUCTS_DIR; };
		1099DDE72D481E2B0070D8A8 /* MicroappUITests.xctest */ = {isa = PBXFileReference; explicitFileType = wrapper.cfbundle; includeInIndex = 0; path = MicroappUITests.xctest; sourceTree = BUILT_PRODUCTS_DIR; };
/* End PBXFileReference section */

/* Begin PBXFileSystemSynchronizedRootGroup section */
		1099DDCD2D481E2A0070D8A8 /* Microapp */ = {
			isa = PBXFileSystemSynchronizedRootGroup;
			path = Microapp;
			sourceTree = "<group>";
		};
		1099DDE02D481E2B0070D8A8 /* MicroappTests */ = {
			isa = PBXFileSystemSynchronizedRootGroup;
			path = MicroappTests;
			sourceTree = "<group>";
		};
		1099DDEA2D481E2B0070D8A8 /* MicroappUITests */ = {
			isa = PBXFileSystemSynchronizedRootGroup;
			path = MicroappUITests;
			sourceTree = "<group>";
		};
/* End PBXFileSystemSynchronizedRootGroup section */

/* Begin PBXFrameworksBuildPhase section */
		1099DDC82D481E2A0070D8A8 /* Frameworks */ = {
			isa = PBXFrameworksBuildPhase;
			buildActionMask = 2147483647;
			files = (
			);
			runOnlyForDeploymentPostprocessing = 0;
		};
		1099DDDA2D481E2B0070D8A8 /* Frameworks */ = {
			isa = PBXFrameworksBuildPhase;
			buildActionMask = 2147483647;
			files = (
			);
			runOnlyForDeploymentPostprocessing = 0;
		};
		1099DDE42D481E2B0070D8A8 /* Frameworks */ = {
			isa = PBXFrameworksBuildPhase;
			buildActionMask = 2147483647;
			files = (
			);
			runOnlyForDeploymentPostprocessing = 0;
		};
/* End PBXFrameworksBuildPhase section */

/* Begin PBXGroup section */
		1099DDC22D481E2A0070D8A8 = {
			isa = PBXGroup;
			children = (
				1099DDCD2D481E2A0070D8A8 /* Microapp */,
				1099DDE02D481E2B0070D8A8 /* MicroappTests */,
				1099DDEA2D481E2B0070D8A8 /* MicroappUITests */,
				1099DDCC2D481E2A0070D8A8 /* Products */,
			);
			sourceTree = "<group>";
		};
		1099DDCC2D481E2A0070D8A8 /* Products */ = {
			isa = PBXGroup;
			children = (
				1099DDCB2D481E2A0070D8A8 /* Microapp.app */,
				1099DDDD2D481E2B0070D8A8 /* MicroappTests.xctest */,
				1099DDE72D481E2B0070D8A8 /* MicroappUITests.xctest */,
			);
			name = Products;
			sourceTree = "<group>";
		};
/* End PBXGroup section */

/* Begin PBXNativeTarget section */
		1099DDCA2D481E2A0070D8A8 /* Microapp */ = {
			isa = PBXNativeTarget;
			buildConfigurationList = 1099DDF12D481E2B0070D8A8 /* Build configuration list for PBXNativeTarget "Microapp" */;
			buildPhases = (
				1099DDC72D481E2A0070D8A8 /* Sources */,
				1099DDC82D481E2A0070D8A8 /* Frameworks */,
				1099DDC92D481E2A0070D8A8 /* Resources */,
			);
			buildRules = (
			);
			dependencies = (
			);
			fileSystemSynchronizedGroups = (
				1099DDCD2D481E2A0070D8A8 /* Microapp */,
			);
			name = Microapp;
			packageProductDependencies = (
			);
			productName = Microapp;
			productReference = 1099DDCB2D481E2A0070D8A8 /* Microapp.app */;
			productType = "com.apple.product-type.application";
		};
		1099DDDC2D481E2B0070D8A8 /* MicroappTests */ = {
			isa = PBXNativeTarget;
			buildConfigurationList = 1099DDF42D481E2B0070D8A8 /* Build configuration list for PBXNativeTarget "MicroappTests" */;
			buildPhases = (
				1099DDD92D481E2B0070D8A8 /* Sources */,
				1099DDDA2D481E2B0070D8A8 /* Frameworks */,
				1099DDDB2D481E2B0070D8A8 /* Resources */,
			);
			buildRules = (
			);
			dependencies = (
				1099DDDF2D481E2B0070D8A8 /* PBXTargetDependency */,
			);
			fileSystemSynchronizedGroups = (
				1099DDE02D481E2B0070D8A8 /* MicroappTests */,
			);
			name = MicroappTests;
			packageProductDependencies = (
			);
			productName = MicroappTests;
			productReference = 1099DDDD2D481E2B0070D8A8 /* MicroappTests.xctest */;
			productType = "com.apple.product-type.bundle.unit-test";
		};
		1099DDE62D481E2B0070D8A8 /* MicroappUITests */ = {
			isa = PBXNativeTarget;
			buildConfigurationList = 1099DDF72D481E2B0070D8A8 /* Build configuration list for PBXNativeTarget "MicroappUITests" */;
			buildPhases = (
				1099DDE32D481E2B0070D8A8 /* Sources */,
				1099DDE42D481E2B0070D8A8 /* Frameworks */,
				1099DDE52D481E2B0070D8A8 /* Resources */,
			);
			buildRules = (
			);
			dependencies = (
				1099DDE92D481E2B0070D8A8 /* PBXTargetDependency */,
			);
			fileSystemSynchronizedGroups = (
				1099DDEA2D481E2B0070D8A8 /* MicroappUITests */,
			);
			name = MicroappUITests;
			packageProductDependencies = (
			);
			productName = MicroappUITests;
			productReference = 1099DDE72D481E2B0070D8A8 /* MicroappUITests.xctest */;
			productType = "com.apple.product-type.bundle.ui-testing";
		};
/* End PBXNativeTarget section */

/* Begin PBXProject section */
		1099DDC32D481E2A0070D8A8 /* Project object */ = {
			isa = PBXProject;
			attributes = {
				BuildIndependentTargetsInParallel = 1;
				LastSwiftUpdateCheck = 1620;
				LastUpgradeCheck = 1620;
				TargetAttributes = {
					1099DDCA2D481E2A0070D8A8 = {
						CreatedOnToolsVersion = 16.2;
					};
					1099DDDC2D481E2B0070D8A8 = {
						CreatedOnToolsVersion = 16.2;
						TestTargetID = 1099DDCA2D481E2A0070D8A8;
					};
					1099DDE62D481E2B0070D8A8 = {
						CreatedOnToolsVersion = 16.2;
						TestTargetID = 1099DDCA2D481E2A0070D8A8;
					};
				};
			};
			buildConfigurationList = 1099DDC62D481E2A0070D8A8 /* Build configuration list for PBXProject "Microapp" */;
			developmentRegion = en;
			hasScannedForEncodings = 0;
			knownRegions = (
				en,
				Base,
			);
			mainGroup = 1099DDC22D481E2A0070D8A8;
			minimizedProjectReferenceProxies = 1;
			preferredProjectObjectVersion = 77;
			productRefGroup = 1099DDCC2D481E2A0070D8A8 /* Products */;
			projectDirPath = "";
			projectRoot = "";
			targets = (
				1099DDCA2D481E2A0070D8A8 /* Microapp */,
				1099DDDC2D481E2B0070D8A8 /* MicroappTests */,
				1099DDE62D481E2B0070D8A8 /* MicroappUITests */,
			);
		};
/* End PBXProject section */

/* Begin PBXResourcesBuildPhase section */
		1099DDC92D481E2A0070D8A8 /* Resources */ = {
			isa = PBXResourcesBuildPhase;
			buildActionMask = 2147483647;
			files = (
			);
			runOnlyForDeploymentPostprocessing = 0;
		};
		1099DDDB2D481E2B0070D8A8 /* Resources */ = {
			isa = PBXResourcesBuildPhase;
			buildActionMask = 2147483647;
			files = (
			);
			runOnlyForDeploymentPostprocessing = 0;
		};
		1099DDE52D481E2B0070D8A8 /* Resources */ = {
			isa = PBXResourcesBuildPhase;
			buildActionMask = 2147483647;
			files = (
			);
			runOnlyForDeploymentPostprocessing = 0;
		};
/* End PBXResourcesBuildPhase section */

/* Begin PBXSourcesBuildPhase section */
		1099DDC72D481E2A0070D8A8 /* Sources */ = {
			isa = PBXSourcesBuildPhase;
			buildActionMask = 2147483647;
			files = (
			);
			runOnlyForDeploymentPostprocessing = 0;
		};
		1099DDD92D481E2B0070D8A8 /* Sources */ = {
			isa = PBXSourcesBuildPhase;
			buildActionMask = 2147483647;
			files = (
			);
			runOnlyForDeploymentPostprocessing = 0;
		};
		1099DDE32D481E2B0070D8A8 /* Sources */ = {
			isa = PBXSourcesBuildPhase;
			buildActionMask = 2147483647;
			files = (
			);
			runOnlyForDeploymentPostprocessing = 0;
		};
/* End PBXSourcesBuildPhase section */

/* Begin PBXTargetDependency section */
		1099DDDF2D481E2B0070D8A8 /* PBXTargetDependency */ = {
			isa = PBXTargetDependency;
			target = 1099DDCA2D481E2A0070D8A8 /* Microapp */;
			targetProxy = 1099DDDE2D481E2B0070D8A8 /* PBXContainerItemProxy */;
		};
		1099DDE92D481E2B0070D8A8 /* PBXTargetDependency */ = {
			isa = PBXTargetDependency;
			target = 1099DDCA2D481E2A0070D8A8 /* Microapp */;
			targetProxy = 1099DDE82D481E2B0070D8A8 /* PBXContainerItemProxy */;
		};
/* End PBXTargetDependency section */

/* Begin XCBuildConfiguration section */
		1099DDEF2D481E2B0070D8A8 /* Debug */ = {
			isa = XCBuildConfiguration;
			buildSettings = {
				ALWAYS_SEARCH_USER_PATHS = NO;
				ASSETCATALOG_COMPILER_GENERATE_SWIFT_ASSET_SYMBOL_EXTENSIONS = YES;
				CLANG_ANALYZER_NONNULL = YES;
				CLANG_ANALYZER_NUMBER_OBJECT_CONVERSION = YES_AGGRESSIVE;
				CLANG_CXX_LANGUAGE_STANDARD = "gnu++20";
				CLANG_ENABLE_MODULES = YES;
				CLANG_ENABLE_OBJC_ARC = YES;
				CLANG_ENABLE_OBJC_WEAK = YES;
				CLANG_WARN_BLOCK_CAPTURE_AUTORELEASING = YES;
				CLANG_WARN_BOOL_CONVERSION = YES;
				CLANG_WARN_COMMA = YES;
				CLANG_WARN_CONSTANT_CONVERSION = YES;
				CLANG_WARN_DEPRECATED_OBJC_IMPLEMENTATIONS = YES;
				CLANG_WARN_DIRECT_OBJC_ISA_USAGE = YES_ERROR;
				CLANG_WARN_DOCUMENTATION_COMMENTS = YES;
				CLANG_WARN_EMPTY_BODY = YES;
				CLANG_WARN_ENUM_CONVERSION = YES;
				CLANG_WARN_INFINITE_RECURSION = YES;
				CLANG_WARN_INT_CONVERSION = YES;
				CLANG_WARN_NON_LITERAL_NULL_CONVERSION = YES;
				CLANG_WARN_OBJC_IMPLICIT_RETAIN_SELF = YES;
				CLANG_WARN_OBJC_LITERAL_CONVERSION = YES;
				CLANG_WARN_OBJC_ROOT_CLASS = YES_ERROR;
				CLANG_WARN_QUOTED_INCLUDE_IN_FRAMEWORK_HEADER = YES;
				CLANG_WARN_RANGE_LOOP_ANALYSIS = YES;
				CLANG_WARN_STRICT_PROTOTYPES = YES;
				CLANG_WARN_SUSPICIOUS_MOVE = YES;
				CLANG_WARN_UNGUARDED_AVAILABILITY = YES_AGGRESSIVE;
				CLANG_WARN_UNREACHABLE_CODE = YES;
				CLANG_WARN__DUPLICATE_METHOD_MATCH = YES;
				COPY_PHASE_STRIP = NO;
				DEBUG_INFORMATION_FORMAT = dwarf;
				ENABLE_STRICT_OBJC_MSGSEND = YES;
				ENABLE_TESTABILITY = YES;
				ENABLE_USER_SCRIPT_SANDBOXING = YES;
				GCC_C_LANGUAGE_STANDARD = gnu17;
				GCC_DYNAMIC_NO_PIC = NO;
				GCC_NO_COMMON_BLOCKS = YES;
				GCC_OPTIMIZATION_LEVEL = 0;
				GCC_PREPROCESSOR_DEFINITIONS = (
					"DEBUG=1",
					"$(inherited)",
				);
				GCC_WARN_64_TO_32_BIT_CONVERSION = YES;
				GCC_WARN_ABOUT_RETURN_TYPE = YES_ERROR;
				GCC_WARN_UNDECLARED_SELECTOR = YES;
				GCC_WARN_UNINITIALIZED_AUTOS = YES_AGGRESSIVE;
				GCC_WARN_UNUSED_FUNCTION = YES;
				GCC_WARN_UNUSED_VARIABLE = YES;
				IPHONEOS_DEPLOYMENT_TARGET = 18.2;
				LOCALIZATION_PREFERS_STRING_CATALOGS = YES;
				MTL_ENABLE_DEBUG_INFO = INCLUDE_SOURCE;
				MTL_FAST_MATH = YES;
				ONLY_ACTIVE_ARCH = YES;
				SDKROOT = iphoneos;
				SWIFT_ACTIVE_COMPILATION_CONDITIONS = "DEBUG $(inherited)";
				SWIFT_OPTIMIZATION_LEVEL = "-Onone";
			};
			name = Debug;
		};
		1099DDF02D481E2B0070D8A8 /* Release */ = {
			isa = XCBuildConfiguration;
			buildSettings = {
				ALWAYS_SEARCH_USER_PATHS = NO;
				ASSETCATALOG_COMPILER_GENERATE_SWIFT_ASSET_SYMBOL_EXTENSIONS = YES;
				CLANG_ANALYZER_NONNULL = YES;
				CLANG_ANALYZER_NUMBER_OBJECT_CONVERSION = YES_AGGRESSIVE;
				CLANG_CXX_LANGUAGE_STANDARD = "gnu++20";
				CLANG_ENABLE_MODULES = YES;
				CLANG_ENABLE_OBJC_ARC = YES;
				CLANG_ENABLE_OBJC_WEAK = YES;
				CLANG_WARN_BLOCK_CAPTURE_AUTORELEASING = YES;
				CLANG_WARN_BOOL_CONVERSION = YES;
				CLANG_WARN_COMMA = YES;
				CLANG_WARN_CONSTANT_CONVERSION = YES;
				CLANG_WARN_DEPRECATED_OBJC_IMPLEMENTATIONS = YES;
				CLANG_WARN_DIRECT_OBJC_ISA_USAGE = YES_ERROR;
				CLANG_WARN_DOCUMENTATION_COMMENTS = YES;
				CLANG_WARN_EMPTY_BODY = YES;
				CLANG_WARN_ENUM_CONVERSION = YES;
				CLANG_WARN_INFINITE_RECURSION = YES;
				CLANG_WARN_INT_CONVERSION = YES;
				CLANG_WARN_NON_LITERAL_NULL_CONVERSION = YES;
				CLANG_WARN_OBJC_IMPLICIT_RETAIN_SELF = YES;
				CLANG_WARN_OBJC_LITERAL_CONVERSION = YES;
				CLANG_WARN_OBJC_ROOT_CLASS = YES_ERROR;
				CLANG_WARN_QUOTED_INCLUDE_IN_FRAMEWORK_HEADER = YES;
				CLANG_WARN_RANGE_LOOP_ANALYSIS = YES;
				CLANG_WARN_STRICT_PROTOTYPES = YES;
				CLANG_WARN_SUSPICIOUS_MOVE = YES;
				CLANG_WARN_UNGUARDED_AVAILABILITY = YES_AGGRESSIVE;
				CLANG_WARN_UNREACHABLE_CODE = YES;
				CLANG_WARN__DUPLICATE_METHOD_MATCH = YES;
				COPY_PHASE_STRIP = NO;
				DEBUG_INFORMATION_FORMAT = "dwarf-with-dsym";
				ENABLE_NS_ASSERTIONS = NO;
				ENABLE_STRICT_OBJC_MSGSEND = YES;
				ENABLE_USER_SCRIPT_SANDBOXING = YES;
				GCC_C_LANGUAGE_STANDARD = gnu17;
				GCC_NO_COMMON_BLOCKS = YES;
				GCC_WARN_64_TO_32_BIT_CONVERSION = YES;
				GCC_WARN_ABOUT_RETURN_TYPE = YES_ERROR;
				GCC_WARN_UNDECLARED_SELECTOR = YES;
				GCC_WARN_UNINITIALIZED_AUTOS = YES_AGGRESSIVE;
				GCC_WARN_UNUSED_FUNCTION = YES;
				GCC_WARN_UNUSED_VARIABLE = YES;
				IPHONEOS_DEPLOYMENT_TARGET = 18.2;
				LOCALIZATION_PREFERS_STRING_CATALOGS = YES;
				MTL_ENABLE_DEBUG_INFO = NO;
				MTL_FAST_MATH = YES;
				SDKROOT = iphoneos;
				SWIFT_COMPILATION_MODE = wholemodule;
				VALIDATE_PRODUCT = YES;
			};
			name = Release;
		};
		1099DDF22D481E2B0070D8A8 /* Debug */ = {
			isa = XCBuildConfiguration;
			buildSettings = {
				ASSETCATALOG_COMPILER_APPICON_NAME = AppIcon;
				ASSETCATALOG_COMPILER_GLOBAL_ACCENT_COLOR_NAME = AccentColor;
				CODE_SIGN_STYLE = Automatic;
				CURRENT_PROJECT_VERSION = 1;
				DEVELOPMENT_ASSET_PATHS = "\"Microapp/Preview Content\"";
				ENABLE_PREVIEWS = YES;
				GENERATE_INFOPLIST_FILE = YES;
				INFOPLIST_KEY_UIApplicationSceneManifest_Generation = YES;
				INFOPLIST_KEY_UIApplicationSupportsIndirectInputEvents = YES;
				INFOPLIST_KEY_UILaunchScreen_Generation = YES;
				INFOPLIST_KEY_UISupportedInterfaceOrientations_iPad = "UIInterfaceOrientationPortrait UIInterfaceOrientationPortraitUpsideDown UIInterfaceOrientationLandscapeLeft UIInterfaceOrientationLandscapeRight";
				INFOPLIST_KEY_UISupportedInterfaceOrientations_iPhone = "UIInterfaceOrientationPortrait UIInterfaceOrientationLandscapeLeft UIInterfaceOrientationLandscapeRight";
				LD_RUNPATH_SEARCH_PATHS = (
					"$(inherited)",
					"@executable_path/Frameworks",
				);
				MARKETING_VERSION = 1.0;
				PRODUCT_BUNDLE_IDENTIFIER = microorg.Microapp;
				PRODUCT_NAME = "$(TARGET_NAME)";
				SWIFT_EMIT_LOC_STRINGS = YES;
				SWIFT_VERSION = 5.0;
				TARGETED_DEVICE_FAMILY = "1,2";
			};
			name = Debug;
		};
		1099DDF32D481E2B0070D8A8 /* Release */ = {
			isa = XCBuildConfiguration;
			buildSettings = {
				ASSETCATALOG_COMPILER_APPICON_NAME = AppIcon;
				ASSETCATALOG_COMPILER_GLOBAL_ACCENT_COLOR_NAME = AccentColor;
				CODE_SIGN_STYLE = Automatic;
				CURRENT_PROJECT_VERSION = 1;
				DEVELOPMENT_ASSET_PATHS = "\"Microapp/Preview Content\"";
				ENABLE_PREVIEWS = YES;
				GENERATE_INFOPLIST_FILE = YES;
				INFOPLIST_KEY_UIApplicationSceneManifest_Generation = YES;
				INFOPLIST_KEY_UIApplicationSupportsIndirectInputEvents = YES;
				INFOPLIST_KEY_UILaunchScreen_Generation = YES;
				INFOPLIST_KEY_UISupportedInterfaceOrientations_iPad = "UIInterfaceOrientationPortrait UIInterfaceOrientationPortraitUpsideDown UIInterfaceOrientationLandscapeLeft UIInterfaceOrientationLandscapeRight";
				INFOPLIST_KEY_UISupportedInterfaceOrientations_iPhone = "UIInterfaceOrientationPortrait UIInterfaceOrientationLandscapeLeft UIInterfaceOrientationLandscapeRight";
				LD_RUNPATH_SEARCH_PATHS = (
					"$(inherited)",
					"@executable_path/Frameworks",
				);
				MARKETING_VERSION = 1.0;
				PRODUCT_BUNDLE_IDENTIFIER = microorg.Microapp;
				PRODUCT_NAME = "$(TARGET_NAME)";
				SWIFT_EMIT_LOC_STRINGS = YES;
				SWIFT_VERSION = 5.0;
				TARGETED_DEVICE_FAMILY = "1,2";
			};
			name = Release;
		};
		1099DDF52D481E2B0070D8A8 /* Debug */ = {
			isa = XCBuildConfiguration;
			buildSettings = {
				BUNDLE_LOADER = "$(TEST_HOST)";
				CODE_SIGN_STYLE = Automatic;
				CURRENT_PROJECT_VERSION = 1;
				GENERATE_INFOPLIST_FILE = YES;
				IPHONEOS_DEPLOYMENT_TARGET = 18.2;
				MARKETING_VERSION = 1.0;
				PRODUCT_BUNDLE_IDENTIFIER = microorg.MicroappTests;
				PRODUCT_NAME = "$(TARGET_NAME)";
				SWIFT_EMIT_LOC_STRINGS = NO;
				SWIFT_VERSION = 5.0;
				TARGETED_DEVICE_FAMILY = "1,2";
				TEST_HOST = "$(BUILT_PRODUCTS_DIR)/Microapp.app/$(BUNDLE_EXECUTABLE_FOLDER_PATH)/Microapp";
			};
			name = Debug;
		};
		1099DDF62D481E2B0070D8A8 /* Release */ = {
			isa = XCBuildConfiguration;
			buildSettings = {
				BUNDLE_LOADER = "$(TEST_HOST)";
				CODE_SIGN_STYLE = Automatic;
				CURRENT_PROJECT_VERSION = 1;
				GENERATE_INFOPLIST_FILE = YES;
				IPHONEOS_DEPLOYMENT_TARGET = 18.2;
				MARKETING_VERSION = 1.0;
				PRODUCT_BUNDLE_IDENTIFIER = microorg.MicroappTests;
				PRODUCT_NAME = "$(TARGET_NAME)";
				SWIFT_EMIT_LOC_STRINGS = NO;
				SWIFT_VERSION = 5.0;
				TARGETED_DEVICE_FAMILY = "1,2";
				TEST_HOST = "$(BUILT_PRODUCTS_DIR)/Microapp.app/$(BUNDLE_EXECUTABLE_FOLDER_PATH)/Microapp";
			};
			name = Release;
		};
		1099DDF82D481E2B0070D8A8 /* Debug */ = {
			isa = XCBuildConfiguration;
			buildSettings = {
				CODE_SIGN_STYLE = Automatic;
				CURRENT_PROJECT_VERSION = 1;
				GENERATE_INFOPLIST_FILE = YES;
				MARKETING_VERSION = 1.0;
				PRODUCT_BUNDLE_IDENTIFIER = microorg.MicroappUITests;
				PRODUCT_NAME = "$(TARGET_NAME)";
				SWIFT_EMIT_LOC_STRINGS = NO;
				SWIFT_VERSION = 5.0;
				TARGETED_DEVICE_FAMILY = "1,2";
				TEST_TARGET_NAME = Microapp;
			};
			name = Debug;
		};
		1099DDF92D481E2B0070D8A8 /* Release */ = {
			isa = XCBuildConfiguration;
			buildSettings = {
				CODE_SIGN_STYLE = Automatic;
				CURRENT_PROJECT_VERSION = 1;
				GENERATE_INFOPLIST_FILE = YES;
				MARKETING_VERSION = 1.0;
				PRODUCT_BUNDLE_IDENTIFIER = microorg.MicroappUITests;
				PRODUCT_NAME = "$(TARGET_NAME)";
				SWIFT_EMIT_LOC_STRINGS = NO;
				SWIFT_VERSION = 5.0;
				TARGETED_DEVICE_FAMILY = "1,2";
				TEST_TARGET_NAME = Microapp;
			};
			name = Release;
		};
/* End XCBuildConfiguration section */

/* Begin XCConfigurationList section */
		1099DDC62D481E2A0070D8A8 /* Build configuration list for PBXProject "Microapp" */ = {
			isa = XCConfigurationList;
			buildConfigurations = (
				1099DDEF2D481E2B0070D8A8 /* Debug */,
				1099DDF02D481E2B0070D8A8 /* Release */,
			);
			defaultConfigurationIsVisible = 0;
			defaultConfigurationName = Release;
		};
		1099DDF12D481E2B0070D8A8 /* Build configuration list for PBXNativeTarget "Microapp" */ = {
			isa = XCConfigurationList;
			buildConfigurations = (
				1099DDF22D481E2B0070D8A8 /* Debug */,
				1099DDF32D481E2B0070D8A8 /* Release */,
			);
			defaultConfigurationIsVisible = 0;
			defaultConfigurationName = Release;
		};
		1099DDF42D481E2B0070D8A8 /* Build configuration list for PBXNativeTarget "MicroappTests" */ = {
			isa = XCConfigurationList;
			buildConfigurations = (
				1099DDF52D481E2B0070D8A8 /* Debug */,
				1099DDF62D481E2B0070D8A8 /* Release */,
			);
			defaultConfigurationIsVisible = 0;
			defaultConfigurationName = Release;
		};
		1099DDF72D481E2B0070D8A8 /* Build configuration list for PBXNativeTarget "MicroappUITests" */ = {
			isa = XCConfigurationList;
			buildConfigurations = (
				1099DDF82D481E2B0070D8A8 /* Debug */,
				1099DDF92D481E2B0070D8A8 /* Release */,
			);
			defaultConfigurationIsVisible = 0;
			defaultConfigurationName = Release;
		};
/* End XCConfigurationList section */
	};
	rootObject = 1099DDC32D481E2A0070D8A8 /* Project object */;
}
